
Microsoft Visual Studio Solution File, Format Version 12.00
# Visual Studio Version 16
VisualStudioVersion = 16.0.31729.503
MinimumVisualStudioVersion = 10.0.40219.1
Project("{FAE04EC0-301F-11D3-BF4B-00C04F79EFBC}") = "SESTARhelper", "SESTARhelper\SESTARhelper.csproj", "{9955980B-16B7-4366-9EE4-76F2A3DC517C}"
EndProject
Global
	GlobalSection(SolutionConfigurationPlatforms) = preSolution
		Debug|Any CPU = Debug|Any CPU
		Release|Any CPU = Release|Any CPU
	EndGlobalSection
	GlobalSection(ProjectConfigurationPlatforms) = postSolution
		{9955980B-16B7-4366-9EE4-76F2A3DC517C}.Debug|Any CPU.ActiveCfg = Debug|Any CPU
		{9955980B-16B7-4366-9EE4-76F2A3DC517C}.Debug|Any CPU.Build.0 = Debug|Any CPU
		{9955980B-16B7-4366-9EE4-76F2A3DC517C}.Release|Any CPU.ActiveCfg = Release|Any CPU
		{9955980B-16B7-4366-9EE4-76F2A3DC517C}.Release|Any CPU.Build.0 = Release|Any CPU
	EndGlobalSection
	GlobalSection(SolutionProperties) = preSolution
		HideSolutionNode = FALSE
	EndGlobalSection
	GlobalSection(ExtensibilityGlobals) = postSolution
		SolutionGuid = {A5F48D24-369C-4746-8C39-0A449EE2DF15}
	EndGlobalSection
EndGlobal
